
Microsoft Visual Studio Solution File, Format Version 12.00
# Visual Studio Version 16
VisualStudioVersion = 16.0.29306.81
MinimumVisualStudioVersion = 10.0.40219.1
Project("{9A19103F-16F7-4668-BE54-9A1E7A4F7556}") = "Lab1A", "Lab1A\Lab1A.csproj", "{B316F25E-3B72-4E35-9930-95225B791695}"
EndProject
Project("{9A19103F-16F7-4668-BE54-9A1E7A4F7556}") = "Lab1ATest", "Lab1ATest\Lab1ATest.csproj", "{33E5D3DA-A991-4D49-9625-8CFA85202EE1}"
EndProject
Global
	GlobalSection(SolutionConfigurationPlatforms) = preSolution
		Debug|Any CPU = Debug|Any CPU
		Release|Any CPU = Release|Any CPU
	EndGlobalSection
	GlobalSection(ProjectConfigurationPlatforms) = postSolution
		{B316F25E-3B72-4E35-9930-95225B791695}.Debug|Any CPU.ActiveCfg = Debug|Any CPU
		{B316F25E-3B72-4E35-9930-95225B791695}.Debug|Any CPU.Build.0 = Debug|Any CPU
		{B316F25E-3B72-4E35-9930-95225B791695}.Release|Any CPU.ActiveCfg = Release|Any CPU
		{B316F25E-3B72-4E35-9930-95225B791695}.Release|Any CPU.Build.0 = Release|Any CPU
		{33E5D3DA-A991-4D49-9625-8CFA85202EE1}.Debug|Any CPU.ActiveCfg = Debug|Any CPU
		{33E5D3DA-A991-4D49-9625-8CFA85202EE1}.Debug|Any CPU.Build.0 = Debug|Any CPU
		{33E5D3DA-A991-4D49-9625-8CFA85202EE1}.Release|Any CPU.ActiveCfg = Release|Any CPU
		{33E5D3DA-A991-4D49-9625-8CFA85202EE1}.Release|Any CPU.Build.0 = Release|Any CPU
	EndGlobalSection
	GlobalSection(SolutionProperties) = preSolution
		HideSolutionNode = FALSE
	EndGlobalSection
	GlobalSection(ExtensibilityGlobals) = postSolution
		SolutionGuid = {FC40C270-DAB8-482D-A619-A64AFBA36FC6}
	EndGlobalSection
EndGlobal
